{
  "object": {
    "pins": [
      {
        "package": "CenteredCollectionView",
        "repositoryURL": "https://github.com/BenEmdon/CenteredCollectionView.git",
        "state": {
          "branch": null,
          "revision": "f2bf371dae314b46f1bc03c222861c9fc40fff32",
          "version": "2.2.2"
        }
      },
      {
        "package": "Kingfisher",
        "repositoryURL": "https://github.com/onevcat/Kingfisher.git",
        "state": {
          "branch": null,
          "revision": "1339ebea9498ef6c3fc75cc195d7163d7c7167f9",
          "version": "5.14.1"
        }
      },
      {
        "package": "PaperOnboarding",
        "repositoryURL": "https://github.com/Ramotion/paper-onboarding.git",
        "state": {
          "branch": null,
          "revision": "c36df080b1001c385cc14c85f3b1c5ea36531fd0",
          "version": "6.1.5"
        }
      }
    ]
  },
  "version": 1
}
